{
  "requires": true,
  "lockfileVersion": 1,
  "dependencies": {
    "@types/minimatch": {
      "version": "3.0.3",
      "resolved": "https://registry.npmjs.org/@types/minimatch/-/minimatch-3.0.3.tgz",
      "integrity": "sha512-tHq6qdbT9U1IRSGf14CL0pUlULksvY9OZ+5eEgl1N7t+OA3tGvNpxJCzuKQlsNgCVwbAs670L1vcVQi8j9HjnA=="
    },
    "aes-js": {
      "version": "3.1.2",
      "resolved": "https://registry.npmjs.org/aes-js/-/aes-js-3.1.2.tgz",
      "integrity": "sha512-e5pEa2kBnBOgR4Y/p20pskXI74UEz7de8ZGVo58asOtvSVG5YAbJeELPZxOmt+Bnz3rX753YKhfIn4X4l1PPRQ=="
    },
    "array-differ": {
      "version": "3.0.0",
      "resolved": "https://registry.npmjs.org/array-differ/-/array-differ-3.0.0.tgz",
      "integrity": "sha512-THtfYS6KtME/yIAhKjZ2ul7XI96lQGHRputJQHO80LAWQnuGP4iCIN8vdMRboGbIEYBwU33q8Tch1os2+X0kMg=="
    },
    "array-union": {
      "version": "2.1.0",
      "resolved": "https://registry.npmjs.org/array-union/-/array-union-2.1.0.tgz",
      "integrity": "sha512-HGyxoOTYUyCM6stUe6EJgnd4EoewAI7zMdfqO+kGjnlZmBDz/cR5pf8r/cR4Wq60sL/p0IkcjUEEPwS3GFrIyw=="
    },
    "arrify": {
      "version": "2.0.1",
      "resolved": "https://registry.npmjs.org/arrify/-/arrify-2.0.1.tgz",
      "integrity": "sha512-3duEwti880xqi4eAMN8AyR4a0ByT90zoYdLlevfrvU43vb0YZwZVfxOgxWrLXXXpyugL0hNZc9G6BiB5B3nUug=="
    },
    "assert-plus": {
      "version": "1.0.0",
      "resolved": "https://registry.npmjs.org/assert-plus/-/assert-plus-1.0.0.tgz",
      "integrity": "sha1-8S4PPF13sLHN2RRpQuTpbB5N1SU="
    },
    "balanced-match": {
      "version": "1.0.0",
      "resolved": "https://registry.npmjs.org/balanced-match/-/balanced-match-1.0.0.tgz",
      "integrity": "sha1-ibTRmasr7kneFk6gK4nORi1xt2c="
    },
    "batch": {
      "version": "0.5.3",
      "resolved": "https://registry.npmjs.org/batch/-/batch-0.5.3.tgz",
      "integrity": "sha1-PzQU84AyF0O/wQQvmoP/HVgk1GQ="
    },
    "brace-expansion": {
      "version": "1.1.11",
      "resolved": "https://registry.npmjs.org/brace-expansion/-/brace-expansion-1.1.11.tgz",
      "integrity": "sha512-iCuPHDFgrHX7H2vEI/5xpz07zSHB00TpugqhmYtVmMO6518mCuRMoOYFldEBl0g187ufozdaHgWKcYFb61qGiA==",
      "requires": {
        "balanced-match": "^1.0.0",
        "concat-map": "0.0.1"
      }
    },
    "camel-case": {
      "version": "3.0.0",
      "resolved": "https://registry.npmjs.org/camel-case/-/camel-case-3.0.0.tgz",
      "integrity": "sha1-yjw2iKTpzzpM2nd9xNy8cTJJz3M=",
      "requires": {
        "no-case": "^2.2.0",
        "upper-case": "^1.1.1"
      }
    },
    "clean-css": {
      "version": "4.2.1",
      "resolved": "https://registry.npmjs.org/clean-css/-/clean-css-4.2.1.tgz",
      "integrity": "sha512-4ZxI6dy4lrY6FHzfiy1aEOXgu4LIsW2MhwG0VBKdcoGoH/XLFgaHSdLTGr4O8Be6A8r3MOphEiI8Gc1n0ecf3g==",
      "requires": {
        "source-map": "~0.6.0"
      }
    },
    "commander": {
      "version": "2.17.1",
      "resolved": "https://registry.npmjs.org/commander/-/commander-2.17.1.tgz",
      "integrity": "sha512-wPMUt6FnH2yzG95SA6mzjQOEKUU3aLaDEmzs1ti+1E9h+CsrZghRlqEM/EJ4KscsQVG8uNN4uVreUeT8+drlgg=="
    },
    "concat-map": {
      "version": "0.0.1",
      "resolved": "https://registry.npmjs.org/concat-map/-/concat-map-0.0.1.tgz",
      "integrity": "sha1-2Klr13/Wjfd5OnMDajug1UBdR3s="
    },
    "core-util-is": {
      "version": "1.0.2",
      "resolved": "https://registry.npmjs.org/core-util-is/-/core-util-is-1.0.2.tgz",
      "integrity": "sha1-tf1UIgqivFq1eqtxQMlAdUUDwac="
    },
    "crypto-js": {
      "version": "3.1.9-1",
      "resolved": "https://registry.npmjs.org/crypto-js/-/crypto-js-3.1.9-1.tgz",
      "integrity": "sha1-/aGedh/Ad+Af+/3G6f38WeiAbNg="
    },
    "decode-uri-component": {
      "version": "0.2.0",
      "resolved": "https://registry.npmjs.org/decode-uri-component/-/decode-uri-component-0.2.0.tgz",
      "integrity": "sha1-6zkTMzRYd1y4TNGh+uBiEGu4dUU="
    },
    "encryptjs": {
      "version": "2.0.0",
      "resolved": "https://registry.npmjs.org/encryptjs/-/encryptjs-2.0.0.tgz",
      "integrity": "sha1-GYDxSOjG6VSQUqbP65W/9+kV18U="
    },
    "eventemitter3": {
      "version": "3.1.2",
      "resolved": "https://registry.npmjs.org/eventemitter3/-/eventemitter3-3.1.2.tgz",
      "integrity": "sha512-tvtQIeLVHjDkJYnzf2dgVMxfuSGJeM/7UCG17TT4EumTfNtF+0nebF/4zWOIkCreAbtNqhGEboB6BWrwqNaw4Q=="
    },
    "extsprintf": {
      "version": "1.4.0",
      "resolved": "https://registry.npmjs.org/extsprintf/-/extsprintf-1.4.0.tgz",
      "integrity": "sha1-4mifjzVvrWLMplo6kcXfX5VRaS8="
    },
    "folder": {
      "version": "0.0.4",
      "resolved": "https://registry.npmjs.org/folder/-/folder-0.0.4.tgz",
      "integrity": "sha1-Vtxma9aG4vApBV6TigA/Dy+twiU=",
      "requires": {
        "batch": "~0.5.0",
        "negotiator": "~0.4.2"
      }
    },
    "gextend": {
      "version": "0.6.0",
      "resolved": "https://registry.npmjs.org/gextend/-/gextend-0.6.0.tgz",
      "integrity": "sha512-h+1/lWz7+sR/orkJLIxPf/wLYT3zSZdBzVY2tOd6WxaTBbphTa0zRjMqquOYAID9pQEU4yjH0IofPcGeksb2DA=="
    },
    "he": {
      "version": "1.2.0",
      "resolved": "https://registry.npmjs.org/he/-/he-1.2.0.tgz",
      "integrity": "sha512-F/1DnUGPopORZi0ni+CvrCgHQ5FyEAHRLSApuYWMmrbSwoN2Mn/7k+Gl38gJnR7yyDZk6WLXwiGod1JOWNDKGw=="
    },
    "html-minifier": {
      "version": "3.5.21",
      "resolved": "https://registry.npmjs.org/html-minifier/-/html-minifier-3.5.21.tgz",
      "integrity": "sha512-LKUKwuJDhxNa3uf/LPR/KVjm/l3rBqtYeCOAekvG8F1vItxMUpueGd94i/asDDr8/1u7InxzFA5EeGjhhG5mMA==",
      "requires": {
        "camel-case": "3.0.x",
        "clean-css": "4.2.x",
        "commander": "2.17.x",
        "he": "1.2.x",
        "param-case": "2.1.x",
        "relateurl": "0.2.x",
        "uglify-js": "3.4.x"
      }
    },
    "in": {
      "version": "0.17.0",
      "resolved": "https://registry.npmjs.org/in/-/in-0.17.0.tgz",
      "integrity": "sha512-1E3Wnu3dXR+sw9Q/UH0iGN3bZZYUlo+rhfhpHFJOAIgfHW/xdRWstPE/bqarHY0k7cAfHgejToC6fQ/CepHkQQ==",
      "requires": {
        "gextend": "^0.6.0",
        "multimatch": "^4.0.0",
        "noop-console": "^0.8.0",
        "verror": "^1.10.0"
      }
    },
    "js-cookie": {
      "version": "2.2.1",
      "resolved": "https://registry.npmjs.org/js-cookie/-/js-cookie-2.2.1.tgz",
      "integrity": "sha512-HvdH2LzI/EAZcUwA8+0nKNtWHqS+ZmijLA30RwZA0bo7ToCckjK5MkGhjED9KoRcXO6BaGI3I9UIzSA1FKFPOQ=="
    },
    "lower-case": {
      "version": "1.1.4",
      "resolved": "https://registry.npmjs.org/lower-case/-/lower-case-1.1.4.tgz",
      "integrity": "sha1-miyr0bno4K6ZOkv31YdcOcQujqw="
    },
    "minimatch": {
      "version": "3.0.4",
      "resolved": "https://registry.npmjs.org/minimatch/-/minimatch-3.0.4.tgz",
      "integrity": "sha512-yJHVQEhyqPLUTgt9B83PXu6W3rx4MvvHvSUvToogpwoGDOUQ+yDrR0HRot+yOCdCO7u4hX3pWft6kWBBcqh0UA==",
      "requires": {
        "brace-expansion": "^1.1.7"
      }
    },
    "multimatch": {
      "version": "4.0.0",
      "resolved": "https://registry.npmjs.org/multimatch/-/multimatch-4.0.0.tgz",
      "integrity": "sha512-lDmx79y1z6i7RNx0ZGCPq1bzJ6ZoDDKbvh7jxr9SJcWLkShMzXrHbYVpTdnhNM5MXpDUxCQ4DgqVttVXlBgiBQ==",
      "requires": {
        "@types/minimatch": "^3.0.3",
        "array-differ": "^3.0.0",
        "array-union": "^2.1.0",
        "arrify": "^2.0.1",
        "minimatch": "^3.0.4"
      }
    },
    "negotiator": {
      "version": "0.4.9",
      "resolved": "https://registry.npmjs.org/negotiator/-/negotiator-0.4.9.tgz",
      "integrity": "sha1-kuRrbbU8fkIe1koryU8IvnYw3z8="
    },
    "no-case": {
      "version": "2.3.2",
      "resolved": "https://registry.npmjs.org/no-case/-/no-case-2.3.2.tgz",
      "integrity": "sha512-rmTZ9kz+f3rCvK2TD1Ue/oZlns7OGoIWP4fc3llxxRXlOkHKoWPPWJOfFYpITabSow43QJbRIoHQXtt10VldyQ==",
      "requires": {
        "lower-case": "^1.1.1"
      }
    },
    "noop-console": {
      "version": "0.8.0",
      "resolved": "https://registry.npmjs.org/noop-console/-/noop-console-0.8.0.tgz",
      "integrity": "sha512-phCDi1IqZbUYZtNPp1jzfHju9icjBaPcwFFERb0ywhPny4bfBcg7yfJmmzhkeGKBun5IZ1fVH2z7vKEkb4jWBA=="
    },
    "object-assign": {
      "version": "4.1.1",
      "resolved": "https://registry.npmjs.org/object-assign/-/object-assign-4.1.1.tgz",
      "integrity": "sha1-IQmtx5ZYh8/AXLvUQsrIv7s2CGM="
    },
    "param-case": {
      "version": "2.1.1",
      "resolved": "https://registry.npmjs.org/param-case/-/param-case-2.1.1.tgz",
      "integrity": "sha1-35T9jPZTHs915r75oIWPvHK+Ikc=",
      "requires": {
        "no-case": "^2.2.0"
      }
    },
    "performance-now": {
      "version": "2.1.0",
      "resolved": "https://registry.npmjs.org/performance-now/-/performance-now-2.1.0.tgz",
      "integrity": "sha1-Ywn04OX6kT7BxpMHrjZLSzd8nns="
    },
    "project": {
      "version": "0.1.6",
      "resolved": "https://registry.npmjs.org/project/-/project-0.1.6.tgz",
      "integrity": "sha1-Hnx1dLafCkuxGr23P5vNg1SNGsk="
    },
    "query-string": {
      "version": "5.1.1",
      "resolved": "https://registry.npmjs.org/query-string/-/query-string-5.1.1.tgz",
      "integrity": "sha512-gjWOsm2SoGlgLEdAGt7a6slVOk9mGiXmPFMqrEhLQ68rhQuBnpfs3+EmlvqKyxnCo9/PPlF+9MtY02S1aFg+Jw==",
      "requires": {
        "decode-uri-component": "^0.2.0",
        "object-assign": "^4.1.0",
        "strict-uri-encode": "^1.0.0"
      }
    },
    "raf": {
      "version": "3.4.1",
      "resolved": "https://registry.npmjs.org/raf/-/raf-3.4.1.tgz",
      "integrity": "sha512-Sq4CW4QhwOHE8ucn6J34MqtZCeWFP2aQSmrlroYgqAV1PjStIhJXxYuTgUIfkEk7zTLjmIjLmU5q+fbD1NnOJA==",
      "requires": {
        "performance-now": "^2.1.0"
      }
    },
    "relateurl": {
      "version": "0.2.7",
      "resolved": "https://registry.npmjs.org/relateurl/-/relateurl-0.2.7.tgz",
      "integrity": "sha1-VNvzd+UUQKypCkzSdGANP/LYiKk="
    },
    "source-map": {
      "version": "0.6.1",
      "resolved": "https://registry.npmjs.org/source-map/-/source-map-0.6.1.tgz",
      "integrity": "sha512-UjgapumWlbMhkBgzT7Ykc5YXUT46F0iKu8SGXq0bcwP5dz/h0Plj6enJqjz1Zbq2l5WaqYnrVbwWOWMyF3F47g=="
    },
    "strict-uri-encode": {
      "version": "1.1.0",
      "resolved": "https://registry.npmjs.org/strict-uri-encode/-/strict-uri-encode-1.1.0.tgz",
      "integrity": "sha1-J5siXfHVgrH1TmWt3UNS4Y+qBxM="
    },
    "uglify-js": {
      "version": "3.4.10",
      "resolved": "https://registry.npmjs.org/uglify-js/-/uglify-js-3.4.10.tgz",
      "integrity": "sha512-Y2VsbPVs0FIshJztycsO2SfPk7/KAF/T72qzv9u5EpQ4kB2hQoHlhNQTsNyy6ul7lQtqJN/AoWeS23OzEiEFxw==",
      "requires": {
        "commander": "~2.19.0",
        "source-map": "~0.6.1"
      },
      "dependencies": {
        "commander": {
          "version": "2.19.0",
          "resolved": "https://registry.npmjs.org/commander/-/commander-2.19.0.tgz",
          "integrity": "sha512-6tvAOO+D6OENvRAh524Dh9jcfKTYDQAqvqezbCW82xj5X0pSrcpxtvRKHLG0yBY6SD7PSDrJaj+0AiOcKVd1Xg=="
        }
      }
    },
    "upper-case": {
      "version": "1.1.3",
      "resolved": "https://registry.npmjs.org/upper-case/-/upper-case-1.1.3.tgz",
      "integrity": "sha1-9rRQHC7EzdJrp4vnIilh3ndiFZg="
    },
    "verror": {
      "version": "1.10.0",
      "resolved": "https://registry.npmjs.org/verror/-/verror-1.10.0.tgz",
      "integrity": "sha1-OhBcoXBTr1XW4nDB+CiGguGNpAA=",
      "requires": {
        "assert-plus": "^1.0.0",
        "core-util-is": "1.0.2",
        "extsprintf": "^1.2.0"
      }
    },
    "your": {
      "version": "0.2.3",
      "resolved": "https://registry.npmjs.org/your/-/your-0.2.3.tgz",
      "integrity": "sha512-5P+BFYYQWvnbGcIwXX8mnB0w8vCJOBHHLZ5H8+EbyfsJgrYwqIy2BEKKT6S+ALeJQaxR8nj3FT/BPouLxWVutA==",
      "requires": {
        "your-async-share": "^0.2.0",
        "your-cookie": "^0.1.1",
        "your-fastclick": "^0.2.0",
        "your-frame-player": "^0.2.0",
        "your-html-minifier": "^0.2.0",
        "your-is-android": "^0.2.0",
        "your-is-empty": "^0.1.1",
        "your-is-ios": "^0.2.0",
        "your-is-mobile": "^0.2.0",
        "your-is-weixin": "^0.2.0",
        "your-query-string": "^0.2.1",
        "your-rand-int": "^0.2.0",
        "your-rem": "^0.2.0"
      }
    },
    "your-async-share": {
      "version": "0.2.0",
      "resolved": "https://registry.npmjs.org/your-async-share/-/your-async-share-0.2.0.tgz",
      "integrity": "sha512-9dCKB1sYdmbBT//mKJOs0caIyKjQBdfbOAHGY0mPtQ/J6gSlj0XT7GdNn4Mm2x4jrzbcX5y/dyYBW+1NnuUuqQ==",
      "requires": {
        "eventemitter3": "^3.0.0"
      }
    },
    "your-cookie": {
      "version": "0.1.1",
      "resolved": "https://registry.npmjs.org/your-cookie/-/your-cookie-0.1.1.tgz",
      "integrity": "sha512-J/F9JPZc7wVoGL96RisIQidXeWZBhD27niAVbyj9IKXKJKtU7hPv6p/cG0cx3YfzxnETy/MvZ/evQ7k6Ih5XfQ==",
      "requires": {
        "js-cookie": "^2.2.0"
      }
    },
    "your-fastclick": {
      "version": "0.2.0",
      "resolved": "https://registry.npmjs.org/your-fastclick/-/your-fastclick-0.2.0.tgz",
      "integrity": "sha512-meM4ncKNO/ZppNCgnbYeGTGggp4CnWB9361OYVuq9rpnKxHvXJY/g4F8gNQ17aHIijchkHiaAOWTisjdpC7Log=="
    },
    "your-frame-player": {
      "version": "0.2.0",
      "resolved": "https://registry.npmjs.org/your-frame-player/-/your-frame-player-0.2.0.tgz",
      "integrity": "sha512-+SLyqNBipNDtgQ6VD9VpB7dTt94Z6prSuO2FmXBXjZamBfIBmNsGEJfQpje620wsQM/EXh5HbqLBb+Fhd3Zcdg==",
      "requires": {
        "eventemitter3": "^3.0.0",
        "raf": "^3.4.0"
      }
    },
    "your-html-minifier": {
      "version": "0.2.0",
      "resolved": "https://registry.npmjs.org/your-html-minifier/-/your-html-minifier-0.2.0.tgz",
      "integrity": "sha512-Bo1HtX6B8dLTyI+FVM1HLKoctf9KWeaxRRS7I6LUwMUP64jjazKjRLOQyz+pT4L2RauMvzOdWpTY9arFDrXiFw==",
      "requires": {
        "html-minifier": "^3.5.5"
      }
    },
    "your-is-android": {
      "version": "0.2.0",
      "resolved": "https://registry.npmjs.org/your-is-android/-/your-is-android-0.2.0.tgz",
      "integrity": "sha512-kCD2l5Jfn6OyL7DwOLaJWYv+c9ioSggyTCw3jG4PacrD44lZwGr3lg1L1gwUmqyDVDdrCNxh/97x/KpNIaEHoQ=="
    },
    "your-is-empty": {
      "version": "0.1.1",
      "resolved": "https://registry.npmjs.org/your-is-empty/-/your-is-empty-0.1.1.tgz",
      "integrity": "sha512-AO+NM1r0v9WsJIuJr/Q3PjjTCdnCm1Ajuq6ycfGaYkAJKJnUZZkOlwgLqtDExRYLQGb+NLPM9i1NDysgAvmjRw=="
    },
    "your-is-ios": {
      "version": "0.2.0",
      "resolved": "https://registry.npmjs.org/your-is-ios/-/your-is-ios-0.2.0.tgz",
      "integrity": "sha512-91l9fS7QLJfbG9PHdCeV7hcpcQlRTAcu8WUWdJqYzGtlmAAS3Kv8Uu/xJ3qFXlEQxsmHsyXl+p48z/7XRqkwQg=="
    },
    "your-is-mobile": {
      "version": "0.2.0",
      "resolved": "https://registry.npmjs.org/your-is-mobile/-/your-is-mobile-0.2.0.tgz",
      "integrity": "sha512-BhHeaS6h6+XjfZY/s4sdPMqDTyyB1rn4zVowNi6lpoEMEOhl3atd1q23RqiEddNIKhjvhUvJqrfLyJw4rx93vQ=="
    },
    "your-is-weixin": {
      "version": "0.2.0",
      "resolved": "https://registry.npmjs.org/your-is-weixin/-/your-is-weixin-0.2.0.tgz",
      "integrity": "sha512-iTuvxtEfJO6YadSfpzZWUOLafqF0be6ySqbwuUBYjSoxsXdYTwnLlo7yRg9teUF8pYt0RPGQyE0O/bWOJRasKQ=="
    },
    "your-query-string": {
      "version": "0.2.1",
      "resolved": "https://registry.npmjs.org/your-query-string/-/your-query-string-0.2.1.tgz",
      "integrity": "sha512-dmT9D5kOL0z/d+NJhOihO7nN2lkf0/KiTNFI3aVkp8TEoCgmWx3/9xiucdDCAJ4feKT5fLXH+rEwb+AD+We33w==",
      "requires": {
        "query-string": "^5.0.1"
      }
    },
    "your-rand-int": {
      "version": "0.2.0",
      "resolved": "https://registry.npmjs.org/your-rand-int/-/your-rand-int-0.2.0.tgz",
      "integrity": "sha512-91TMWhKb/wXkCYF3oqQPQJnjumC/x3hzASRLC8Gvc0h0ZXaKQZDoDGjtrY/C10wbgnGkV8+xf6rdQids2OyGEA=="
    },
    "your-rem": {
      "version": "0.2.0",
      "resolved": "https://registry.npmjs.org/your-rem/-/your-rem-0.2.0.tgz",
      "integrity": "sha512-xt74MQLBKFnKOxd7dIvH9IHbOncRP6sBaQLbFS63qmOvakV/9hPS1odHOiliYXGVPgRBltQK4wk/HZbuoqlinQ=="
    }
  }
}
